{
    "_meta": {
        "hash": {
            "sha256": "fe3eb45278be5daa439e68c10f51872ce77fb2ae3eab053ae7820dbb921ec894"
        },
        "pipfile-spec": 6,
        "requires": {
            "python_version": "2.7"
        },
        "sources": [
            {
                "name": "pypi",
                "url": "https://pypi.org/simple",
                "verify_ssl": true
            }
        ]
    },
    "default": {
        "bitstring": {
            "hashes": [
                "sha256:c163a86fcef377c314690051885d86b47419e3e1770990c212e16723c1c08faa"
            ],
            "index": "pypi",
            "version": "==3.1.5"
        },
        "certifi": {
            "hashes": [
                "sha256:47f9c83ef4c0c621eaef743f133f09fa8a74a9b75f037e8624f83bd1b6626cb7",
                "sha256:993f830721089fef441cdfeb4b2c8c9df86f0c63239f06bd025a76a7daddb033"
            ],
            "version": "==2018.11.29"
        },
        "cffi": {
            "hashes": [
                "sha256:004218942eb35fef7ff766452a0f966c2ab6af82201b434cd1ac4c5351c1a802",
                "sha256:0d799c5bb93ffb5903689417397babbdd3de80580c31b55c5b8e27f73a7fae03",
                "sha256:117589655460e8ef398876bacdd5011e3e2542360bcbe892cdbb2bbfc4197505",
                "sha256:3710dda07b7c7fddf41e1b5b4ff9e49fb326075248e831b71a1f0e4ef1a5ce1c",
                "sha256:3921d2337c2d25b7211fc3e775bb969a55a6b6a9956b7613333210f208d17323",
                "sha256:3a84bfe63b5e81d25e3cbf53178a6ae625352c204954422be7d750776c344aad",
                "sha256:44f76f6c3fc654860821785192eca29bd66531af57d09b681e6d52584604a7e7",
                "sha256:512d076b5c1b95508ba0a36aa535f42c5317d03d655a7b7f803768a6ceee1320",
                "sha256:51b733ef05677812dddf546bd2cf92a3f7052a544a9325b12aaa99640f325989",
                "sha256:6ec1481798e36f7725105b54689cecf27beb585676d17314c8f1c2788c4699f0",
                "sha256:79db594065be15e617a992da05b3f391c988aea417e4e841fa3af18890812ceb",
                "sha256:7b17d768137abab6f58130ca1b8ea1526db4949ed260f863bd5949f641bab788",
                "sha256:84ef501e5e5d71ae587cbca60bc6820f7a5dcf458f632add11f9abdf2d704874",
                "sha256:ba5aade257efb9ae54b36ae3b8d5aab7ca97171d7264911b02369525a4cfec88",
                "sha256:bc053ca1ab5de843fbe3bf2bb753be689835ec70427c443cb3084cfa3ae32ef6",
                "sha256:c05e43b5dbc1e6aa3f6b72fe850d782923dcfd0425ce37a78856bdbf43defa6a",
                "sha256:c0bc164a58dfb1991d487303a633f5ae891d89484a7e5e64a5648e5e53afd0b0",
                "sha256:d789a4520c9451b6e49d0afaa36f74a738e428e3e5bf39fe911cfe3231f305d1",
                "sha256:d9e00e797b426f691c7481746457bfac8d85668409caa9b63f50a54e6ef2481a",
                "sha256:f944a0fcdf496b6d3d69872e627c8417ed46066e16ffa601e4357bd11e3e3e0d",
                "sha256:fef577b70055c46a7f2b95b6dc2fbf886e6ca7d6600a1a2b40719b3badcbf605"
            ],
            "index": "pypi",
            "version": "==1.5.0"
        },
        "chardet": {
            "hashes": [
                "sha256:84ab92ed1c4d4f16916e05906b6b75a6c0fb5db821cc65e70cbd64a3e2a5eaae",
                "sha256:fc323ffcaeaed0e0a02bf4d117757b98aed530d9ed4531e3e15460124c106691"
            ],
            "version": "==3.0.4"
        },
        "click": {
            "hashes": [
                "sha256:29f99fc6125fbc931b758dc053b3114e55c77a6e4c6c3a2674a2dc986016381d",
                "sha256:f15516df478d5a56180fbf80e68f206010e6d160fc39fa508b65e035fd75130b"
            ],
            "index": "pypi",
            "version": "==6.7"
        },
        "cryptography": {
            "git": "https://github.com/pyca/cryptography.git",
            "ref": "76e92e6bc6ff83c952f6e9a22cbd8cb59b64b247"
        },
        "elasticsearch": {
            "hashes": [
                "sha256:7546cc08e3899716e12fe67d12d7cfe9a64647014d1134b014c3c392b63cad42",
                "sha256:aada5cfdc4a543c47098eb3aca6663848ef5d04b4324935ced441debc11ec98b"
            ],
            "index": "pypi",
            "version": "==6.3.1"
        },
        "flask": {
            "hashes": [
                "sha256:2271c0070dbcb5275fad4a82e29f23ab92682dc45f9dfbc22c02ba9b9322ce48",
                "sha256:a080b744b7e345ccfcbc77954861cb05b3c63786e93f2b3875e0913d44b43f05"
            ],
            "index": "pypi",
            "version": "==1.0.2"
        },
        "idna": {
            "hashes": [
                "sha256:156a6814fb5ac1fc6850fb002e0852d56c0c8d2531923a51032d1b70760e186e",
                "sha256:684a38a6f903c1d71d6d5fac066b58d7768af4de2b832e426ec79c30daa94a16"
            ],
            "version": "==2.7"
        },
        "itsdangerous": {
            "hashes": [
                "sha256:321b033d07f2a4136d3ec762eac9f16a10ccd60f53c0c91af90217ace7ba1f19",
                "sha256:b12271b2047cb23eeb98c8b5622e2e5c5e9abd9784a153e9d8ef9cb4dd09d749"
            ],
            "version": "==1.1.0"
        },
        "jinja2": {
            "hashes": [
                "sha256:74c935a1b8bb9a3947c50a54766a969d4846290e1e788ea44c1392163723c3bd",
                "sha256:f84be1bb0040caca4cea721fcbbbbd61f9be9464ca236387158b0feea01914a4"
            ],
            "index": "pypi",
            "version": "==2.10"
        },
        "markupsafe": {
            "hashes": [
                "sha256:048ef924c1623740e70204aa7143ec592504045ae4429b59c30054cb31e3c432",
                "sha256:130f844e7f5bdd8e9f3f42e7102ef1d49b2e6fdf0d7526df3f87281a532d8c8b",
                "sha256:19f637c2ac5ae9da8bfd98cef74d64b7e1bb8a63038a3505cd182c3fac5eb4d9",
                "sha256:1b8a7a87ad1b92bd887568ce54b23565f3fd7018c4180136e1cf412b405a47af",
                "sha256:1c25694ca680b6919de53a4bb3bdd0602beafc63ff001fea2f2fc16ec3a11834",
                "sha256:1f19ef5d3908110e1e891deefb5586aae1b49a7440db952454b4e281b41620cd",
                "sha256:1fa6058938190ebe8290e5cae6c351e14e7bb44505c4a7624555ce57fbbeba0d",
                "sha256:31cbb1359e8c25f9f48e156e59e2eaad51cd5242c05ed18a8de6dbe85184e4b7",
                "sha256:3e835d8841ae7863f64e40e19477f7eb398674da6a47f09871673742531e6f4b",
                "sha256:4e97332c9ce444b0c2c38dd22ddc61c743eb208d916e4265a2a3b575bdccb1d3",
                "sha256:525396ee324ee2da82919f2ee9c9e73b012f23e7640131dd1b53a90206a0f09c",
                "sha256:52b07fbc32032c21ad4ab060fec137b76eb804c4b9a1c7c7dc562549306afad2",
                "sha256:52ccb45e77a1085ec5461cde794e1aa037df79f473cbc69b974e73940655c8d7",
                "sha256:5c3fbebd7de20ce93103cb3183b47671f2885307df4a17a0ad56a1dd51273d36",
                "sha256:5e5851969aea17660e55f6a3be00037a25b96a9b44d2083651812c99d53b14d1",
                "sha256:5edfa27b2d3eefa2210fb2f5d539fbed81722b49f083b2c6566455eb7422fd7e",
                "sha256:7d263e5770efddf465a9e31b78362d84d015cc894ca2c131901a4445eaa61ee1",
                "sha256:83381342bfc22b3c8c06f2dd93a505413888694302de25add756254beee8449c",
                "sha256:857eebb2c1dc60e4219ec8e98dfa19553dae33608237e107db9c6078b1167856",
                "sha256:98e439297f78fca3a6169fd330fbe88d78b3bb72f967ad9961bcac0d7fdd1550",
                "sha256:bf54103892a83c64db58125b3f2a43df6d2cb2d28889f14c78519394feb41492",
                "sha256:d9ac82be533394d341b41d78aca7ed0e0f4ba5a2231602e2f05aa87f25c51672",
                "sha256:e982fe07ede9fada6ff6705af70514a52beb1b2c3d25d4e873e82114cf3c5401",
                "sha256:edce2ea7f3dfc981c4ddc97add8a61381d9642dc3273737e756517cc03e84dd6",
                "sha256:efdc45ef1afc238db84cb4963aa689c0408912a0239b0721cb172b4016eb31d6",
                "sha256:f137c02498f8b935892d5c0172560d7ab54bc45039de8805075e19079c639a9c",
                "sha256:f82e347a72f955b7017a39708a3667f106e6ad4d10b25f237396a7115d8ed5fd",
                "sha256:fb7c206e01ad85ce57feeaaa0bf784b97fa3cad0d4a5737bc5295785f5c613a1"
            ],
            "version": "==1.1.0"
        },
        "pefile": {
            "git": "https://github.com/erocarrera/pefile.git",
            "ref": "0dd5eafe4882d2016c89eec17c0198351008d2c0"
        },
        "pyasn1": {
            "hashes": [
                "sha256:28fee44217991cfad9e6a0b9f7e3f26041e21ebc96629e94e585ccd05d49fa65",
                "sha256:853cacd96d1f701ddd67aa03ecc05f51890135b7262e922710112f12a2ed2a7f"
            ],
            "index": "pypi",
            "version": "==0.1.9"
        },
        "pycparser": {
            "hashes": [
                "sha256:7959b4a74abdc27b312fed1c21e6caf9309ce0b29ea86b591fd2e99ecdf27f73"
            ],
            "index": "pypi",
            "version": "==2.14"
        },
        "pycrypto": {
            "git": "https://github.com/dlitz/pycrypto.git",
            "ref": "af058ee6f5da391a05275470ab4a4a96aa22b350"
        },
        "pype32": {
            "git": "https://github.com/crackinglandia/pype32.git",
            "ref": "192fd14dfc0dd36d953739a81c17fbaf5e3d6076"
        },
        "requests": {
            "hashes": [
                "sha256:65b3a120e4329e33c9889db89c80976c5272f56ea92d3e74da8a463992e3ff54",
                "sha256:ea881206e59f41dbd0bd445437d792e43906703fff75ca8ff43ccdb11f33f263"
            ],
            "index": "pypi",
            "version": "==2.20.1"
        },
        "signify": {
            "git": "https://github.com/jdval/signify.git",
            "ref": "d8558d194eca7abcec0a8e49b4af422690f95fa3"
        },
        "toml": {
            "hashes": [
                "sha256:8e86bd6ce8cc11b9620cb637466453d94f5d57ad86f17e98a98d1f73e3baab2d"
            ],
            "index": "pypi",
            "version": "==0.9.4"
        },
        "urllib3": {
            "hashes": [
                "sha256:61bf29cada3fc2fbefad4fdf059ea4bd1b4a86d2b6d15e1c7c0b582b9752fe39",
                "sha256:de9529817c93f27c8ccbfead6985011db27bd0ddfcdb2d86f3f663385c6a9c22"
            ],
            "version": "==1.24.1"
        },
        "werkzeug": {
            "hashes": [
                "sha256:c3fd7a7d41976d9f44db327260e263132466836cef6f91512889ed60ad26557c",
                "sha256:d5da73735293558eb1651ee2fddc4d0dedcfa06538b8813a2e20011583c9e49b"
            ],
            "index": "pypi",
            "version": "==0.14.1"
        }
    },
    "develop": {}
}
